
Microsoft Visual Studio Solution File, Format Version 12.00
# Visual Studio Version 17
VisualStudioVersion = 17.1.31903.286
MinimumVisualStudioVersion = 10.0.40219.1
Project("{FAE04EC0-301F-11D3-BF4B-00C04F79EFBC}") = "Gemini Messenger", "src\Gemini Messenger\Gemini Messenger.csproj", "{8804D076-D8F7-49A2-AA82-2C970E5F48DD}"
EndProject
Global
	GlobalSection(SolutionConfigurationPlatforms) = preSolution
		Debug|Any CPU = Debug|Any CPU
		Release|Any CPU = Release|Any CPU
	EndGlobalSection
	GlobalSection(ProjectConfigurationPlatforms) = postSolution
		{8804D076-D8F7-49A2-AA82-2C970E5F48DD}.Debug|Any CPU.ActiveCfg = Debug|Any CPU
		{8804D076-D8F7-49A2-AA82-2C970E5F48DD}.Debug|Any CPU.Build.0 = Debug|Any CPU
		{8804D076-D8F7-49A2-AA82-2C970E5F48DD}.Release|Any CPU.ActiveCfg = Release|Any CPU
		{8804D076-D8F7-49A2-AA82-2C970E5F48DD}.Release|Any CPU.Build.0 = Release|Any CPU
	EndGlobalSection
	GlobalSection(SolutionProperties) = preSolution
		HideSolutionNode = FALSE
	EndGlobalSection
	GlobalSection(ExtensibilityGlobals) = postSolution
		SolutionGuid = {42CBF820-5037-4065-8397-26C94292699D}
	EndGlobalSection
EndGlobal
